
Microsoft Visual Studio Solution File, Format Version 12.00
# Visual Studio Version 17
VisualStudioVersion = 17.9.34902.65
MinimumVisualStudioVersion = 10.0.40219.1
Project("{FAE04EC0-301F-11D3-BF4B-00C04F79EFBC}") = "API_Test_Project", "API_Test_Project\API_Test_Project.csproj", "{6031A144-1D0F-41EA-B3D7-F23026ECA0E8}"
EndProject
Global
	GlobalSection(SolutionConfigurationPlatforms) = preSolution
		Debug|Any CPU = Debug|Any CPU
		Release|Any CPU = Release|Any CPU
	EndGlobalSection
	GlobalSection(ProjectConfigurationPlatforms) = postSolution
		{6031A144-1D0F-41EA-B3D7-F23026ECA0E8}.Debug|Any CPU.ActiveCfg = Debug|Any CPU
		{6031A144-1D0F-41EA-B3D7-F23026ECA0E8}.Debug|Any CPU.Build.0 = Debug|Any CPU
		{6031A144-1D0F-41EA-B3D7-F23026ECA0E8}.Release|Any CPU.ActiveCfg = Release|Any CPU
		{6031A144-1D0F-41EA-B3D7-F23026ECA0E8}.Release|Any CPU.Build.0 = Release|Any CPU
	EndGlobalSection
	GlobalSection(SolutionProperties) = preSolution
		HideSolutionNode = FALSE
	EndGlobalSection
	GlobalSection(ExtensibilityGlobals) = postSolution
		SolutionGuid = {F7DC24BF-FE3D-41C4-88F2-B23D730D5AFE}
	EndGlobalSection
EndGlobal
